
Microsoft Visual Studio Solution File, Format Version 12.00
# Visual Studio 15
VisualStudioVersion = 15.0.27428.2005
MinimumVisualStudioVersion = 10.0.40219.1
Project("{888888A0-9F3D-457C-B088-3A5042F75D52}") = "ROC", "ROC\ROC.pyproj", "{0451CBA5-3169-4CCE-A820-E13375DF30FB}"
EndProject
Global
	GlobalSection(SolutionConfigurationPlatforms) = preSolution
		Debug|Any CPU = Debug|Any CPU
		Release|Any CPU = Release|Any CPU
	EndGlobalSection
	GlobalSection(ProjectConfigurationPlatforms) = postSolution
		{0451CBA5-3169-4CCE-A820-E13375DF30FB}.Debug|Any CPU.ActiveCfg = Debug|Any CPU
		{0451CBA5-3169-4CCE-A820-E13375DF30FB}.Release|Any CPU.ActiveCfg = Release|Any CPU
	EndGlobalSection
	GlobalSection(SolutionProperties) = preSolution
		HideSolutionNode = FALSE
	EndGlobalSection
	GlobalSection(ExtensibilityGlobals) = postSolution
		SolutionGuid = {89E68BFC-4094-4E96-B6EB-2C453DBD94E0}
	EndGlobalSection
EndGlobal
